
Microsoft Visual Studio Solution File, Format Version 12.00
# Visual Studio Version 16
VisualStudioVersion = 16.0.30524.135
MinimumVisualStudioVersion = 10.0.40219.1
Project("{FAE04EC0-301F-11D3-BF4B-00C04F79EFBC}") = "WinEventHook", "WinEventHook\WinEventHook.csproj", "{9EC306EB-C8AB-4476-BE93-FEBFDB0A0C5F}"
EndProject
Global
	GlobalSection(SolutionConfigurationPlatforms) = preSolution
		Debug|Any CPU = Debug|Any CPU
		Release|Any CPU = Release|Any CPU
	EndGlobalSection
	GlobalSection(ProjectConfigurationPlatforms) = postSolution
		{9EC306EB-C8AB-4476-BE93-FEBFDB0A0C5F}.Debug|Any CPU.ActiveCfg = Debug|Any CPU
		{9EC306EB-C8AB-4476-BE93-FEBFDB0A0C5F}.Debug|Any CPU.Build.0 = Debug|Any CPU
		{9EC306EB-C8AB-4476-BE93-FEBFDB0A0C5F}.Release|Any CPU.ActiveCfg = Release|Any CPU
		{9EC306EB-C8AB-4476-BE93-FEBFDB0A0C5F}.Release|Any CPU.Build.0 = Release|Any CPU
	EndGlobalSection
	GlobalSection(SolutionProperties) = preSolution
		HideSolutionNode = FALSE
	EndGlobalSection
	GlobalSection(ExtensibilityGlobals) = postSolution
		SolutionGuid = {F17BB4B9-9813-42B2-B93C-C0A854D5324B}
	EndGlobalSection
EndGlobal
